
Microsoft Visual Studio Solution File, Format Version 12.00
# Visual Studio 15
VisualStudioVersion = 15.0.28307.438
MinimumVisualStudioVersion = 10.0.40219.1
Project("{8BC9CEB8-8B4A-11D0-8D11-00A0C91BC942}") = "qotdUDPClient", "qotdUDPClient\qotdUDPClient.vcxproj", "{506CEA30-BE24-4DCD-9141-E95CBC3CDF61}"
EndProject
Global
	GlobalSection(SolutionConfigurationPlatforms) = preSolution
		Debug|x64 = Debug|x64
		Debug|x86 = Debug|x86
		Release|x64 = Release|x64
		Release|x86 = Release|x86
	EndGlobalSection
	GlobalSection(ProjectConfigurationPlatforms) = postSolution
		{506CEA30-BE24-4DCD-9141-E95CBC3CDF61}.Debug|x64.ActiveCfg = Debug|x64
		{506CEA30-BE24-4DCD-9141-E95CBC3CDF61}.Debug|x64.Build.0 = Debug|x64
		{506CEA30-BE24-4DCD-9141-E95CBC3CDF61}.Debug|x86.ActiveCfg = Debug|Win32
		{506CEA30-BE24-4DCD-9141-E95CBC3CDF61}.Debug|x86.Build.0 = Debug|Win32
		{506CEA30-BE24-4DCD-9141-E95CBC3CDF61}.Release|x64.ActiveCfg = Release|x64
		{506CEA30-BE24-4DCD-9141-E95CBC3CDF61}.Release|x64.Build.0 = Release|x64
		{506CEA30-BE24-4DCD-9141-E95CBC3CDF61}.Release|x86.ActiveCfg = Release|Win32
		{506CEA30-BE24-4DCD-9141-E95CBC3CDF61}.Release|x86.Build.0 = Release|Win32
	EndGlobalSection
	GlobalSection(SolutionProperties) = preSolution
		HideSolutionNode = FALSE
	EndGlobalSection
	GlobalSection(ExtensibilityGlobals) = postSolution
		SolutionGuid = {7EE1D6D1-88D8-44EF-A712-7EE8E93D7DAE}
	EndGlobalSection
EndGlobal
